Microsoft Visual Studio Solution File, Format Version 12.00
# Visual Studio Version 17
VisualStudioVersion = 17.13.35818.85
MinimumVisualStudioVersion = 10.0.40219.1
Project("{2150E333-8FDC-42A3-9474-1A3956D46DE8}") = "Solution Items", "Solution Items", "{1A2204AF-0342-4C29-9E34-81A7B205B175}"
	ProjectSection(SolutionItems) = preProject
		nuget.config = nuget.config
		thunderstore.toml = thunderstore.toml
	EndProjectSection
EndProject
Project("{9A19103F-16F7-4668-BE54-9A1E7A4F7556}") = "TrainworksReloaded.Base", "TrainworksReloaded.Base\TrainworksReloaded.Base.csproj", "{CBC80A8A-7925-47D3-9088-0B59DE6D4C4F}"
EndProject
Project("{9A19103F-16F7-4668-BE54-9A1E7A4F7556}") = "TrainworksReloaded.Core", "TrainworksReloaded.Core\TrainworksReloaded.Core.csproj", "{2D4E4F49-0C75-4E2E-915D-C9D89319C126}"
EndProject
Project("{9A19103F-16F7-4668-BE54-9A1E7A4F7556}") = "TrainworksReloaded.Plugin", "TrainworksReloaded.Plugin\TrainworksReloaded.Plugin.csproj", "{A22B53F5-2BAA-45EB-B596-E8B9297E16C8}"
EndProject
Project("{FAE04EC0-301F-11D3-BF4B-00C04F79EFBC}") = "TrainworksReloaded.Test", "TrainworksReloaded.Test\TrainworksReloaded.Test.csproj", "{CA784FBC-9E4C-4503-93E6-24ADA5BDB032}"
EndProject
Project("{2150E333-8FDC-42A3-9474-1A3956D46DE8}") = "schemas", "schemas", "{02EA681E-C7D8-13C7-8484-4AC65E1B71E8}"
EndProject
Global
	GlobalSection(SolutionConfigurationPlatforms) = preSolution
		Debug|Any CPU = Debug|Any CPU
		Release|Any CPU = Release|Any CPU
	EndGlobalSection
	GlobalSection(ProjectConfigurationPlatforms) = postSolution
		{CBC80A8A-7925-47D3-9088-0B59DE6D4C4F}.Debug|Any CPU.ActiveCfg = Debug|Any CPU
		{CBC80A8A-7925-47D3-9088-0B59DE6D4C4F}.Debug|Any CPU.Build.0 = Debug|Any CPU
		{CBC80A8A-7925-47D3-9088-0B59DE6D4C4F}.Release|Any CPU.ActiveCfg = Release|Any CPU
		{CBC80A8A-7925-47D3-9088-0B59DE6D4C4F}.Release|Any CPU.Build.0 = Release|Any CPU
		{2D4E4F49-0C75-4E2E-915D-C9D89319C126}.Debug|Any CPU.ActiveCfg = Debug|Any CPU
		{2D4E4F49-0C75-4E2E-915D-C9D89319C126}.Debug|Any CPU.Build.0 = Debug|Any CPU
		{2D4E4F49-0C75-4E2E-915D-C9D89319C126}.Release|Any CPU.ActiveCfg = Release|Any CPU
		{2D4E4F49-0C75-4E2E-915D-C9D89319C126}.Release|Any CPU.Build.0 = Release|Any CPU
		{A22B53F5-2BAA-45EB-B596-E8B9297E16C8}.Debug|Any CPU.ActiveCfg = Debug|Any CPU
		{A22B53F5-2BAA-45EB-B596-E8B9297E16C8}.Debug|Any CPU.Build.0 = Debug|Any CPU
		{A22B53F5-2BAA-45EB-B596-E8B9297E16C8}.Release|Any CPU.ActiveCfg = Release|Any CPU
		{A22B53F5-2BAA-45EB-B596-E8B9297E16C8}.Release|Any CPU.Build.0 = Release|Any CPU
		{CA784FBC-9E4C-4503-93E6-24ADA5BDB032}.Debug|Any CPU.ActiveCfg = Debug|Any CPU
		{CA784FBC-9E4C-4503-93E6-24ADA5BDB032}.Debug|Any CPU.Build.0 = Debug|Any CPU
		{CA784FBC-9E4C-4503-93E6-24ADA5BDB032}.Release|Any CPU.ActiveCfg = Release|Any CPU
		{CA784FBC-9E4C-4503-93E6-24ADA5BDB032}.Release|Any CPU.Build.0 = Release|Any CPU
	EndGlobalSection
	GlobalSection(SolutionProperties) = preSolution
		HideSolutionNode = FALSE
	EndGlobalSection
	GlobalSection(NestedProjects) = preSolution
		{02EA681E-C7D8-13C7-8484-4AC65E1B71E8} = {1A2204AF-0342-4C29-9E34-81A7B205B175}
	EndGlobalSection
	GlobalSection(ExtensibilityGlobals) = postSolution
		SolutionGuid = {2C003FE2-99C5-46D3-9FF9-DA7FA29AF51E}
	EndGlobalSection
EndGlobal
